<Solution>
  <Folder Name="/services/">
    <Project Path="QuestionService\QuestionService.csproj" />
    <Project Path="SearchService/SearchService.csproj" />
  </Folder>
  <Project Path="Overflow.AppHost/Overflow.AppHost.csproj" />
  <Project Path="Overflow.ServiceDefaults/Overflow.ServiceDefaults.csproj" />
</Solution>
